
Microsoft Visual Studio Solution File, Format Version 12.00
# Visual Studio Version 17
VisualStudioVersion = 17.8.34408.163
MinimumVisualStudioVersion = 10.0.40219.1
Project("{FAE04EC0-301F-11D3-BF4B-00C04F79EFBC}") = "Labsheet1", "Labsheet1\Labsheet1.csproj", "{C683425E-003D-45EE-8748-AF317F05CD5B}"
EndProject
Global
	GlobalSection(SolutionConfigurationPlatforms) = preSolution
		Debug|Any CPU = Debug|Any CPU
		Release|Any CPU = Release|Any CPU
	EndGlobalSection
	GlobalSection(ProjectConfigurationPlatforms) = postSolution
		{C683425E-003D-45EE-8748-AF317F05CD5B}.Debug|Any CPU.ActiveCfg = Debug|Any CPU
		{C683425E-003D-45EE-8748-AF317F05CD5B}.Debug|Any CPU.Build.0 = Debug|Any CPU
		{C683425E-003D-45EE-8748-AF317F05CD5B}.Release|Any CPU.ActiveCfg = Release|Any CPU
		{C683425E-003D-45EE-8748-AF317F05CD5B}.Release|Any CPU.Build.0 = Release|Any CPU
	EndGlobalSection
	GlobalSection(SolutionProperties) = preSolution
		HideSolutionNode = FALSE
	EndGlobalSection
	GlobalSection(ExtensibilityGlobals) = postSolution
		SolutionGuid = {A0C1C350-E65B-40B0-B126-0C98ADD8304E}
	EndGlobalSection
EndGlobal
